
Microsoft Visual Studio Solution File, Format Version 12.00
# Visual Studio Version 17
VisualStudioVersion = 17.0.32112.339
MinimumVisualStudioVersion = 10.0.40219.1
Project("{FAE04EC0-301F-11D3-BF4B-00C04F79EFBC}") = "ScoreKeeper.Core", "ScoreKeeper.Core\ScoreKeeper.Core.csproj", "{E25F953D-57A3-4814-8DE6-CB94293CC618}"
EndProject
Project("{FAE04EC0-301F-11D3-BF4B-00C04F79EFBC}") = "ScoreKeeper.Provider.SqlLite", "ScoreKeeper.Provider.SqlLite\ScoreKeeper.Provider.SqlLite.csproj", "{99A28EBE-7046-45BA-8CFF-1DCCF57FC1DE}"
EndProject
Project("{FAE04EC0-301F-11D3-BF4B-00C04F79EFBC}") = "ScoreKeeper.Webapi", "ScoreKeeper.Webapi\ScoreKeeper.Webapi.csproj", "{C3A0C09A-480A-4AE1-BF0E-20335271A814}"
EndProject
Global
	GlobalSection(SolutionConfigurationPlatforms) = preSolution
		Debug|Any CPU = Debug|Any CPU
		Release|Any CPU = Release|Any CPU
	EndGlobalSection
	GlobalSection(ProjectConfigurationPlatforms) = postSolution
		{E25F953D-57A3-4814-8DE6-CB94293CC618}.Debug|Any CPU.ActiveCfg = Debug|Any CPU
		{E25F953D-57A3-4814-8DE6-CB94293CC618}.Debug|Any CPU.Build.0 = Debug|Any CPU
		{E25F953D-57A3-4814-8DE6-CB94293CC618}.Release|Any CPU.ActiveCfg = Release|Any CPU
		{E25F953D-57A3-4814-8DE6-CB94293CC618}.Release|Any CPU.Build.0 = Release|Any CPU
		{99A28EBE-7046-45BA-8CFF-1DCCF57FC1DE}.Debug|Any CPU.ActiveCfg = Debug|Any CPU
		{99A28EBE-7046-45BA-8CFF-1DCCF57FC1DE}.Debug|Any CPU.Build.0 = Debug|Any CPU
		{99A28EBE-7046-45BA-8CFF-1DCCF57FC1DE}.Release|Any CPU.ActiveCfg = Release|Any CPU
		{99A28EBE-7046-45BA-8CFF-1DCCF57FC1DE}.Release|Any CPU.Build.0 = Release|Any CPU
		{C3A0C09A-480A-4AE1-BF0E-20335271A814}.Debug|Any CPU.ActiveCfg = Debug|Any CPU
		{C3A0C09A-480A-4AE1-BF0E-20335271A814}.Debug|Any CPU.Build.0 = Debug|Any CPU
		{C3A0C09A-480A-4AE1-BF0E-20335271A814}.Release|Any CPU.ActiveCfg = Release|Any CPU
		{C3A0C09A-480A-4AE1-BF0E-20335271A814}.Release|Any CPU.Build.0 = Release|Any CPU
	EndGlobalSection
	GlobalSection(SolutionProperties) = preSolution
		HideSolutionNode = FALSE
	EndGlobalSection
	GlobalSection(ExtensibilityGlobals) = postSolution
		SolutionGuid = {F301C9D3-1599-46E1-9F7D-EAC566F33360}
	EndGlobalSection
EndGlobal
